
Microsoft Visual Studio Solution File, Format Version 12.00
# Visual Studio Version 17
VisualStudioVersion = 17.13.36105.23 d17.13
MinimumVisualStudioVersion = 10.0.40219.1
Project("{FAE04EC0-301F-11D3-BF4B-00C04F79EFBC}") = "RoutingGateway", "RoutingGateway\RoutingGateway.csproj", "{CF67BCE4-2739-4FF4-A156-21C5BC0A3792}"
EndProject
Project("{FAE04EC0-301F-11D3-BF4B-00C04F79EFBC}") = "LegacyWeb", "LegacyWeb\LegacyWeb.csproj", "{00A80AF9-10BA-482F-A442-B133D58C01B6}"
EndProject
Project("{FAE04EC0-301F-11D3-BF4B-00C04F79EFBC}") = "BlazorApp", "BlazorApp\BlazorApp.csproj", "{0D5F03C2-13EB-4F2E-9CB2-0CF7FD5A4B8A}"
EndProject
Global
	GlobalSection(SolutionConfigurationPlatforms) = preSolution
		Debug|Any CPU = Debug|Any CPU
		Release|Any CPU = Release|Any CPU
	EndGlobalSection
	GlobalSection(ProjectConfigurationPlatforms) = postSolution
		{CF67BCE4-2739-4FF4-A156-21C5BC0A3792}.Debug|Any CPU.ActiveCfg = Debug|Any CPU
		{CF67BCE4-2739-4FF4-A156-21C5BC0A3792}.Debug|Any CPU.Build.0 = Debug|Any CPU
		{CF67BCE4-2739-4FF4-A156-21C5BC0A3792}.Release|Any CPU.ActiveCfg = Release|Any CPU
		{CF67BCE4-2739-4FF4-A156-21C5BC0A3792}.Release|Any CPU.Build.0 = Release|Any CPU
		{00A80AF9-10BA-482F-A442-B133D58C01B6}.Debug|Any CPU.ActiveCfg = Debug|Any CPU
		{00A80AF9-10BA-482F-A442-B133D58C01B6}.Debug|Any CPU.Build.0 = Debug|Any CPU
		{00A80AF9-10BA-482F-A442-B133D58C01B6}.Release|Any CPU.ActiveCfg = Release|Any CPU
		{00A80AF9-10BA-482F-A442-B133D58C01B6}.Release|Any CPU.Build.0 = Release|Any CPU
		{0D5F03C2-13EB-4F2E-9CB2-0CF7FD5A4B8A}.Debug|Any CPU.ActiveCfg = Debug|Any CPU
		{0D5F03C2-13EB-4F2E-9CB2-0CF7FD5A4B8A}.Debug|Any CPU.Build.0 = Debug|Any CPU
		{0D5F03C2-13EB-4F2E-9CB2-0CF7FD5A4B8A}.Release|Any CPU.ActiveCfg = Release|Any CPU
		{0D5F03C2-13EB-4F2E-9CB2-0CF7FD5A4B8A}.Release|Any CPU.Build.0 = Release|Any CPU
	EndGlobalSection
	GlobalSection(SolutionProperties) = preSolution
		HideSolutionNode = FALSE
	EndGlobalSection
	GlobalSection(ExtensibilityGlobals) = postSolution
		SolutionGuid = {11BCAA03-4AC9-4B23-8255-BC4CDF3AC4A5}
	EndGlobalSection
EndGlobal
